Microsoft Visual Studio Solution File, Format Version 12.00
# Visual Studio Version 16
VisualStudioVersion = 16.0.0.0
MinimumVisualStudioVersion = 16.0.0.0
Project("{9A19103F-16F7-4668-BE54-9A1E7A4F7556}") = "robot_web.Server", "Server\robot_web.Server.csproj", "{6C45F7CD-7656-47DA-9C86-213F37665F78}"
EndProject
Project("{9A19103F-16F7-4668-BE54-9A1E7A4F7556}") = "robot_web.Client", "Client\robot_web.Client.csproj", "{65CF4748-7B2B-49A2-9E5D-EA4620FA92BB}"
EndProject
Project("{9A19103F-16F7-4668-BE54-9A1E7A4F7556}") = "robot_web.Shared", "Shared\robot_web.Shared.csproj", "{ADEB7311-EC29-48B3-833C-7254E686DEBE}"
EndProject
Global
	GlobalSection(SolutionConfigurationPlatforms) = preSolution
		Debug|Any CPU = Debug|Any CPU
		Debug|x64 = Debug|x64
		Debug|x86 = Debug|x86
		Release|Any CPU = Release|Any CPU
		Release|x64 = Release|x64
		Release|x86 = Release|x86
	EndGlobalSection
	GlobalSection(ProjectConfigurationPlatforms) = postSolution
		{65CF4748-7B2B-49A2-9E5D-EA4620FA92BB}.Debug|Any CPU.ActiveCfg = Debug|Any CPU
		{65CF4748-7B2B-49A2-9E5D-EA4620FA92BB}.Debug|Any CPU.Build.0 = Debug|Any CPU
		{65CF4748-7B2B-49A2-9E5D-EA4620FA92BB}.Debug|x64.ActiveCfg = Debug|Any CPU
		{65CF4748-7B2B-49A2-9E5D-EA4620FA92BB}.Debug|x64.Build.0 = Debug|Any CPU
		{65CF4748-7B2B-49A2-9E5D-EA4620FA92BB}.Debug|x86.ActiveCfg = Debug|Any CPU
		{65CF4748-7B2B-49A2-9E5D-EA4620FA92BB}.Debug|x86.Build.0 = Debug|Any CPU
		{65CF4748-7B2B-49A2-9E5D-EA4620FA92BB}.Release|Any CPU.ActiveCfg = Release|Any CPU
		{65CF4748-7B2B-49A2-9E5D-EA4620FA92BB}.Release|Any CPU.Build.0 = Release|Any CPU
		{65CF4748-7B2B-49A2-9E5D-EA4620FA92BB}.Release|x64.ActiveCfg = Release|Any CPU
		{65CF4748-7B2B-49A2-9E5D-EA4620FA92BB}.Release|x64.Build.0 = Release|Any CPU
		{65CF4748-7B2B-49A2-9E5D-EA4620FA92BB}.Release|x86.ActiveCfg = Release|Any CPU
		{65CF4748-7B2B-49A2-9E5D-EA4620FA92BB}.Release|x86.Build.0 = Release|Any CPU
		{6C45F7CD-7656-47DA-9C86-213F37665F78}.Debug|Any CPU.ActiveCfg = Debug|Any CPU
		{6C45F7CD-7656-47DA-9C86-213F37665F78}.Debug|Any CPU.Build.0 = Debug|Any CPU
		{6C45F7CD-7656-47DA-9C86-213F37665F78}.Debug|x64.ActiveCfg = Debug|Any CPU
		{6C45F7CD-7656-47DA-9C86-213F37665F78}.Debug|x64.Build.0 = Debug|Any CPU
		{6C45F7CD-7656-47DA-9C86-213F37665F78}.Debug|x86.ActiveCfg = Debug|Any CPU
		{6C45F7CD-7656-47DA-9C86-213F37665F78}.Debug|x86.Build.0 = Debug|Any CPU
		{6C45F7CD-7656-47DA-9C86-213F37665F78}.Release|Any CPU.ActiveCfg = Release|Any CPU
		{6C45F7CD-7656-47DA-9C86-213F37665F78}.Release|Any CPU.Build.0 = Release|Any CPU
		{6C45F7CD-7656-47DA-9C86-213F37665F78}.Release|x64.ActiveCfg = Release|Any CPU
		{6C45F7CD-7656-47DA-9C86-213F37665F78}.Release|x64.Build.0 = Release|Any CPU
		{6C45F7CD-7656-47DA-9C86-213F37665F78}.Release|x86.ActiveCfg = Release|Any CPU
		{6C45F7CD-7656-47DA-9C86-213F37665F78}.Release|x86.Build.0 = Release|Any CPU
		{ADEB7311-EC29-48B3-833C-7254E686DEBE}.Debug|Any CPU.ActiveCfg = Debug|Any CPU
		{ADEB7311-EC29-48B3-833C-7254E686DEBE}.Debug|Any CPU.Build.0 = Debug|Any CPU
		{ADEB7311-EC29-48B3-833C-7254E686DEBE}.Debug|x64.ActiveCfg = Debug|Any CPU
		{ADEB7311-EC29-48B3-833C-7254E686DEBE}.Debug|x64.Build.0 = Debug|Any CPU
		{ADEB7311-EC29-48B3-833C-7254E686DEBE}.Debug|x86.ActiveCfg = Debug|Any CPU
		{ADEB7311-EC29-48B3-833C-7254E686DEBE}.Debug|x86.Build.0 = Debug|Any CPU
		{ADEB7311-EC29-48B3-833C-7254E686DEBE}.Release|Any CPU.ActiveCfg = Release|Any CPU
		{ADEB7311-EC29-48B3-833C-7254E686DEBE}.Release|Any CPU.Build.0 = Release|Any CPU
		{ADEB7311-EC29-48B3-833C-7254E686DEBE}.Release|x64.ActiveCfg = Release|Any CPU
		{ADEB7311-EC29-48B3-833C-7254E686DEBE}.Release|x64.Build.0 = Release|Any CPU
		{ADEB7311-EC29-48B3-833C-7254E686DEBE}.Release|x86.ActiveCfg = Release|Any CPU
		{ADEB7311-EC29-48B3-833C-7254E686DEBE}.Release|x86.Build.0 = Release|Any CPU
	EndGlobalSection
	GlobalSection(SolutionProperties) = preSolution
		HideSolutionNode = FALSE
	EndGlobalSection
	GlobalSection(ExtensibilityGlobals) = postSolution
		SolutionGuid = {3D785DE9-600C-423A-A132-D11F49A17F3E}
	EndGlobalSection
EndGlobal